
Microsoft Visual Studio Solution File, Format Version 12.00
# Visual Studio Version 17
VisualStudioVersion = 17.9.34701.34
MinimumVisualStudioVersion = 10.0.40219.1
Project("{FAE04EC0-301F-11D3-BF4B-00C04F79EFBC}") = "GamesWebSocket", "GamesWebSocket\GamesWebSocket.csproj", "{EBCDC4B0-D8EE-4059-B06A-31082E71795D}"
EndProject
Global
	GlobalSection(SolutionConfigurationPlatforms) = preSolution
		Debug|Any CPU = Debug|Any CPU
		Release|Any CPU = Release|Any CPU
	EndGlobalSection
	GlobalSection(ProjectConfigurationPlatforms) = postSolution
		{EBCDC4B0-D8EE-4059-B06A-31082E71795D}.Debug|Any CPU.ActiveCfg = Debug|Any CPU
		{EBCDC4B0-D8EE-4059-B06A-31082E71795D}.Debug|Any CPU.Build.0 = Debug|Any CPU
		{EBCDC4B0-D8EE-4059-B06A-31082E71795D}.Release|Any CPU.ActiveCfg = Release|Any CPU
		{EBCDC4B0-D8EE-4059-B06A-31082E71795D}.Release|Any CPU.Build.0 = Release|Any CPU
	EndGlobalSection
	GlobalSection(SolutionProperties) = preSolution
		HideSolutionNode = FALSE
	EndGlobalSection
	GlobalSection(ExtensibilityGlobals) = postSolution
		SolutionGuid = {3157CC03-6DD2-468D-9640-D3F099CA901D}
	EndGlobalSection
EndGlobal
